{
  "version": "2",
  "remote": {
    "https://deno.land/std@0.156.0/_util/assert.ts": "e94f2eb37cebd7f199952e242c77654e43333c1ac4c5c700e929ea3aa5489f74",
    "https://deno.land/std@0.156.0/_util/os.ts": "3b4c6e27febd119d36a416d7a97bd3b0251b77c88942c8f16ee5953ea13e2e49",
    "https://deno.land/std@0.156.0/path/_constants.ts": "df1db3ffa6dd6d1252cc9617e5d72165cd2483df90e93833e13580687b6083c3",
    "https://deno.land/std@0.156.0/path/_interface.ts": "ee3b431a336b80cf445441109d089b70d87d5e248f4f90ff906820889ecf8d09",
    "https://deno.land/std@0.156.0/path/_util.ts": "d16be2a16e1204b65f9d0dfc54a9bc472cafe5f4a190b3c8471ec2016ccd1677",
    "https://deno.land/std@0.156.0/path/common.ts": "bee563630abd2d97f99d83c96c2fa0cca7cee103e8cb4e7699ec4d5db7bd2633",
    "https://deno.land/std@0.156.0/path/glob.ts": "cb5255638de1048973c3e69e420c77dc04f75755524cb3b2e160fe9277d939ee",
    "https://deno.land/std@0.156.0/path/mod.ts": "56fec03ad0ebd61b6ab39ddb9b0ddb4c4a5c9f2f4f632e09dd37ec9ebfd722ac",
    "https://deno.land/std@0.156.0/path/posix.ts": "c1f7afe274290ea0b51da07ee205653b2964bd74909a82deb07b69a6cc383aaa",
    "https://deno.land/std@0.156.0/path/separator.ts": "fe1816cb765a8068afb3e8f13ad272351c85cbc739af56dacfc7d93d710fe0f9",
    "https://deno.land/std@0.156.0/path/win32.ts": "bd7549042e37879c68ff2f8576a25950abbfca1d696d41d82c7bca0b7e6f452c",
    "https://deno.land/x/denoflate@1.2.1/mod.ts": "f5628e44b80b3d80ed525afa2ba0f12408e3849db817d47a883b801f9ce69dd6",
    "https://deno.land/x/denoflate@1.2.1/pkg/denoflate.js": "b9f9ad9457d3f12f28b1fb35c555f57443427f74decb403113d67364e4f2caf4",
    "https://deno.land/x/denoflate@1.2.1/pkg/denoflate_bg.wasm.js": "d581956245407a2115a3d7e8d85a9641c032940a8e810acbd59ca86afd34d44d",
    "https://deno.land/x/esbuild@v0.15.10/mod.js": "b6076f05f58057025ce0eddb404a4da3b7a0e3768c53f6c87959c8c32240e9cd",
    "https://deno.land/x/esbuild_deno_loader@0.6.0/deps.ts": "fe86f62cb954edc2580868cdc3292d4446f22cd2c4eedbf8ee26513fdf74e343",
    "https://deno.land/x/esbuild_deno_loader@0.6.0/mod.ts": "5d8a429b26c70f9fd522a8629e751f3bdf63680da473e537bc420d552ee3bf0b",
    "https://deno.land/x/esbuild_deno_loader@0.6.0/src/deno.ts": "0e83ccabbe2b004389288e38df2031b79eb347df2d139fce9394d8e88a11f259",
    "https://deno.land/x/esbuild_deno_loader@0.6.0/src/native_loader.ts": "343854a566cf510cf25144f7c09fc0c1097780a31830305142a075d12bb697ba",
    "https://deno.land/x/esbuild_deno_loader@0.6.0/src/portable_loader.ts": "35b6c526eed8c2c781a3256b23c30aa7cce69c0ef1d583c15528663287ba18a3",
    "https://deno.land/x/esbuild_deno_loader@0.6.0/src/shared.ts": "b64749cd8c0f6252a11498bd8758ef1220003e46b2c9b68e16da63fd7e92b13a",
    "https://deno.land/x/importmap@0.2.1/_util.ts": "ada9a9618b537e6c0316c048a898352396c882b9f2de38aba18fd3f2950ede89",
    "https://deno.land/x/importmap@0.2.1/mod.ts": "ae3d1cd7eabd18c01a4960d57db471126b020f23b37ef14e1359bbb949227ade",
    "https://raw.githubusercontent.com/puffycid/artemis-api/master/mod.ts": "b2db128c3d0d589169e522df2936f35055e8d16831dc4ae74fdfbe35f3d663d3",
    "https://raw.githubusercontent.com/puffycid/artemis-api/master/src/applications/chromium.ts": "0421e365abe1ec268ca973e4a24cf2aaede5af198e2a8f72e9935fb91104a274",
    "https://raw.githubusercontent.com/puffycid/artemis-api/master/src/applications/firefox.ts": "d65b1a3a10d37c2a3b9e2534e074120d0c2e0cd9320258937bc65c6f7fa2f240",
    "https://raw.githubusercontent.com/puffycid/artemis-api/master/src/filesystem/directory.ts": "261a30ef376a4a40fc2c08bd9d795065db6078be20ee8c302ea2183a918e32f9",
    "https://raw.githubusercontent.com/puffycid/artemis-api/master/src/linux/elf.ts": "5d97fa743e9238e82f5531517c1b9406e2d3dda7f9c4057b3988d081c6dd5b54",
    "https://raw.githubusercontent.com/puffycid/artemis-api/master/src/linux/journal.ts": "92c1bf4776bfc3f12b4b3b489b4120ddceb2f43a3faed590dc355f34c20f75bc",
    "https://raw.githubusercontent.com/puffycid/artemis-api/master/src/linux/logon.ts": "b9800bc24ba9ca573712e54c8c666a2321db6f34f8b8b9b626ed3a974655e7c6",
    "https://raw.githubusercontent.com/puffycid/artemis-api/master/src/linux/processes.ts": "8d21e198b467f8caa49b7ec89842ca844df8aff3da743782ed9218d270285b91",
    "https://raw.githubusercontent.com/puffycid/artemis-api/master/src/macos/accounts.ts": "7ed6f23a2879cb86d61545f63984a85d7ca6f0995874d05e898763936036a70b",
    "https://raw.githubusercontent.com/puffycid/artemis-api/master/src/macos/emond.ts": "fdbbe27a4f631f6d443cf4767e6ebfbdfcaa10da8176db75490d8b86ac3b5d0d",
    "https://raw.githubusercontent.com/puffycid/artemis-api/master/src/macos/execpolicy.ts": "e5445e08a330ce2ba462b3c8f0179fa39f2f65f65c90e5a11537f71dd82cc843",
    "https://raw.githubusercontent.com/puffycid/artemis-api/master/src/macos/fsevents.ts": "ee4ef3d8e957d7af8d38a2f4b3225f82a74809875aca8be76b319837ee7ea330",
    "https://raw.githubusercontent.com/puffycid/artemis-api/master/src/macos/launchd.ts": "b9fa3bf31fc2734163191f438644434727ff9e4e1520ea364c7be089fd30aa50",
    "https://raw.githubusercontent.com/puffycid/artemis-api/master/src/macos/loginitems.ts": "ba31b699e393de826a41bfac14375598678194eb49503cb70be2b6a5e3ee84dd",
    "https://raw.githubusercontent.com/puffycid/artemis-api/master/src/macos/macho.ts": "f3966f89180f9242ddc87eb8ab39e93b9c667ca3dd3d99c19bddf8506363c45e",
    "https://raw.githubusercontent.com/puffycid/artemis-api/master/src/macos/plist.ts": "6c78458ddba6edc9240b3fa950c599a5dff05b892efff308f85a085174f1218e",
    "https://raw.githubusercontent.com/puffycid/artemis-api/master/src/macos/processes.ts": "5ddd4f4af38e4ccd0d9dd10915da658f5e4d24044eb6ecaff72e7514782e1cb0",
    "https://raw.githubusercontent.com/puffycid/artemis-api/master/src/macos/safari.ts": "95b3d5c184706e4fc9d4a1a603968132f58174cd2c741027d5af017442d0265f",
    "https://raw.githubusercontent.com/puffycid/artemis-api/master/src/macos/unifiedlogs.ts": "133899b4f556ff2e6518d5b5af99a633381d6cf0ed5f78c8b3a48b243961dd44",
    "https://raw.githubusercontent.com/puffycid/artemis-api/master/src/system/cpu.ts": "c96db7cb6230b2a3d93cc4529e8192525e18954aeaa16844913c93808a14e225",
    "https://raw.githubusercontent.com/puffycid/artemis-api/master/src/system/disks.ts": "5ef591212843b26c18c89f3f1e0aa279b1ce1e9f316ce1debcc5675c8e748439",
    "https://raw.githubusercontent.com/puffycid/artemis-api/master/src/system/memory.ts": "514b107386d1e29cb4b307b28432334dfbc34ed97e9dea0521c138ebd9d194c8",
    "https://raw.githubusercontent.com/puffycid/artemis-api/master/src/system/output.ts": "a73b070b6b39a2def800437b4bba1ee6274d86bb19065de65a51a7ede0cc2f6a",
    "https://raw.githubusercontent.com/puffycid/artemis-api/master/src/system/systeminfo.ts": "4d358966a8b516523b74eaf257bbef26e91a31165e9c7ae1a5f09fe8e535be8f",
    "https://raw.githubusercontent.com/puffycid/artemis-api/master/src/unix/cron.ts": "51d4509a5e8d3b627153b3ba3ab66b0d5b68093c033f66bcac5e778f8608894b",
    "https://raw.githubusercontent.com/puffycid/artemis-api/master/src/unix/shell_history.ts": "22118bb27757c44ed6f03977bb69238b429d1c6d9debce2e65b51f1457fddd3b",
    "https://raw.githubusercontent.com/puffycid/artemis-api/master/src/unix/sudologs.ts": "d8ae4cf30860346cb04de132929c648d9cb050467b2f523b9cd7f3c763e57ead",
    "https://raw.githubusercontent.com/puffycid/artemis-api/master/src/windows/acls.ts": "8edfd484ecc7066be0e773000d9e2966583f2ec4b52eccbb58766b50b3d562a5",
    "https://raw.githubusercontent.com/puffycid/artemis-api/master/src/windows/amache.ts": "c9ae4b065a874395f23a3895bf82e7f3003223b3e3fa051fe7c8a703643f06ed",
    "https://raw.githubusercontent.com/puffycid/artemis-api/master/src/windows/bits.ts": "d9397b54aebfec2d7512aa0a61f9bf1903910050ad21d8663b938dcde511ddbc",
    "https://raw.githubusercontent.com/puffycid/artemis-api/master/src/windows/eventlogs.ts": "4376922a0293a40a508d8b7d552d0b59625020c722a69f862e23ab2fffcd65f6",
    "https://raw.githubusercontent.com/puffycid/artemis-api/master/src/windows/jumplists.ts": "e5fe6ca5d7fd245c8d3e54377d0a4c47728f356e45e66ccd137aa7ccf9c5c27c",
    "https://raw.githubusercontent.com/puffycid/artemis-api/master/src/windows/ntfs.ts": "42f74aa41e1c282e06d87e86d1ce6d3009b30417f1a575f7897af70b9238f2fc",
    "https://raw.githubusercontent.com/puffycid/artemis-api/master/src/windows/pe.ts": "a0a5db29885cd8f9bfc0c369562f31faafb62732e4d57147c236c712715bd59d",
    "https://raw.githubusercontent.com/puffycid/artemis-api/master/src/windows/prefetch.ts": "a0bb7605d38991412646b7eb4b7e3cbf16f5c3a236bcc3e20a3d35b2f9927fad",
    "https://raw.githubusercontent.com/puffycid/artemis-api/master/src/windows/processes.ts": "f4e79bd3e0b865daabd8c931e197123c9d98edc8f0ada06894f4d18edb4ff9f7",
    "https://raw.githubusercontent.com/puffycid/artemis-api/master/src/windows/recyclebin.ts": "e11d46508b75d228092d10d3dbaa01969cdd6538f7a28000e7084b6221d98e06",
    "https://raw.githubusercontent.com/puffycid/artemis-api/master/src/windows/registry.ts": "62a59e842f752a2641d52e1c846beff3151b59d69d1ebcc1e80f490a272b11cc",
    "https://raw.githubusercontent.com/puffycid/artemis-api/master/src/windows/search.ts": "440e36448dd68644347c85d756c01cf980686676473c8574eab418bb7ba1b42e",
    "https://raw.githubusercontent.com/puffycid/artemis-api/master/src/windows/services.ts": "dbea9eb66f724d274f2e39e7379ebc6f1c1c804b82e720a2b87f8eacd791fba9",
    "https://raw.githubusercontent.com/puffycid/artemis-api/master/src/windows/shellbags.ts": "c0ee4462c95b14c23c00d6e62710d262f9c501c4a1a9bfad521966d9a02b97ef",
    "https://raw.githubusercontent.com/puffycid/artemis-api/master/src/windows/shimcache.ts": "1f57246f94d9243715aeccb82a5473aea721cf3407114c10be4011a83d228a27",
    "https://raw.githubusercontent.com/puffycid/artemis-api/master/src/windows/shimdb.ts": "32c90fc12c449c02ea5bd3c3292349634e8e1d4970416fc0d80f6fe576383e3b",
    "https://raw.githubusercontent.com/puffycid/artemis-api/master/src/windows/shortcuts.ts": "7a045860a70214529bbfaced47082a1b67f30c377f8f2d36b151913149472c4f",
    "https://raw.githubusercontent.com/puffycid/artemis-api/master/src/windows/srum.ts": "5b93bdcae43698a3fd823951307725509490e0b101ac7e8943ecb5ebb73f625c",
    "https://raw.githubusercontent.com/puffycid/artemis-api/master/src/windows/tasks.ts": "a0d171ab7e951480bebbec330555c6854b7deb64b23e3b8df1819712b17d7e33",
    "https://raw.githubusercontent.com/puffycid/artemis-api/master/src/windows/userassist.ts": "c9294f418b4c5173db7dd118fd734502a0864434921a92338e7e33bdac31deee",
    "https://raw.githubusercontent.com/puffycid/artemis-api/master/src/windows/users.ts": "6c56bb2baee01844cdf55a8b1099a8e64326b0a1a398334a5f1ff3b008bf34ea",
    "https://raw.githubusercontent.com/puffycid/artemis-api/master/src/windows/usnjrnl.ts": "caa697f5315c77b96f5d36012ec1b56763e3b552cceadef5119ff51ecb6b9873"
  }
}
