{
  "version": "2",
  "remote": {
    "https://deno.land/std@0.156.0/_util/assert.ts": "e94f2eb37cebd7f199952e242c77654e43333c1ac4c5c700e929ea3aa5489f74",
    "https://deno.land/std@0.156.0/_util/os.ts": "3b4c6e27febd119d36a416d7a97bd3b0251b77c88942c8f16ee5953ea13e2e49",
    "https://deno.land/std@0.156.0/path/_constants.ts": "df1db3ffa6dd6d1252cc9617e5d72165cd2483df90e93833e13580687b6083c3",
    "https://deno.land/std@0.156.0/path/_interface.ts": "ee3b431a336b80cf445441109d089b70d87d5e248f4f90ff906820889ecf8d09",
    "https://deno.land/std@0.156.0/path/_util.ts": "d16be2a16e1204b65f9d0dfc54a9bc472cafe5f4a190b3c8471ec2016ccd1677",
    "https://deno.land/std@0.156.0/path/common.ts": "bee563630abd2d97f99d83c96c2fa0cca7cee103e8cb4e7699ec4d5db7bd2633",
    "https://deno.land/std@0.156.0/path/glob.ts": "cb5255638de1048973c3e69e420c77dc04f75755524cb3b2e160fe9277d939ee",
    "https://deno.land/std@0.156.0/path/mod.ts": "56fec03ad0ebd61b6ab39ddb9b0ddb4c4a5c9f2f4f632e09dd37ec9ebfd722ac",
    "https://deno.land/std@0.156.0/path/posix.ts": "c1f7afe274290ea0b51da07ee205653b2964bd74909a82deb07b69a6cc383aaa",
    "https://deno.land/std@0.156.0/path/separator.ts": "fe1816cb765a8068afb3e8f13ad272351c85cbc739af56dacfc7d93d710fe0f9",
    "https://deno.land/std@0.156.0/path/win32.ts": "bd7549042e37879c68ff2f8576a25950abbfca1d696d41d82c7bca0b7e6f452c",
    "https://deno.land/x/denoflate@1.2.1/mod.ts": "f5628e44b80b3d80ed525afa2ba0f12408e3849db817d47a883b801f9ce69dd6",
    "https://deno.land/x/denoflate@1.2.1/pkg/denoflate.js": "b9f9ad9457d3f12f28b1fb35c555f57443427f74decb403113d67364e4f2caf4",
    "https://deno.land/x/denoflate@1.2.1/pkg/denoflate_bg.wasm.js": "d581956245407a2115a3d7e8d85a9641c032940a8e810acbd59ca86afd34d44d",
    "https://deno.land/x/esbuild@v0.15.10/mod.js": "b6076f05f58057025ce0eddb404a4da3b7a0e3768c53f6c87959c8c32240e9cd",
    "https://deno.land/x/esbuild_deno_loader@0.6.0/deps.ts": "fe86f62cb954edc2580868cdc3292d4446f22cd2c4eedbf8ee26513fdf74e343",
    "https://deno.land/x/esbuild_deno_loader@0.6.0/mod.ts": "5d8a429b26c70f9fd522a8629e751f3bdf63680da473e537bc420d552ee3bf0b",
    "https://deno.land/x/esbuild_deno_loader@0.6.0/src/deno.ts": "0e83ccabbe2b004389288e38df2031b79eb347df2d139fce9394d8e88a11f259",
    "https://deno.land/x/esbuild_deno_loader@0.6.0/src/native_loader.ts": "343854a566cf510cf25144f7c09fc0c1097780a31830305142a075d12bb697ba",
    "https://deno.land/x/esbuild_deno_loader@0.6.0/src/portable_loader.ts": "35b6c526eed8c2c781a3256b23c30aa7cce69c0ef1d583c15528663287ba18a3",
    "https://deno.land/x/esbuild_deno_loader@0.6.0/src/shared.ts": "b64749cd8c0f6252a11498bd8758ef1220003e46b2c9b68e16da63fd7e92b13a",
    "https://deno.land/x/importmap@0.2.1/_util.ts": "ada9a9618b537e6c0316c048a898352396c882b9f2de38aba18fd3f2950ede89",
    "https://deno.land/x/importmap@0.2.1/mod.ts": "ae3d1cd7eabd18c01a4960d57db471126b020f23b37ef14e1359bbb949227ade",
    "https://raw.githubusercontent.com/puffycid/artemis-api/master/mod.ts": "60a6f86c294e9a896ef713b0a5f575d63f16bedf4970e3999dace6eb4bf45803",
    "https://raw.githubusercontent.com/puffycid/artemis-api/master/src/applications/chromium.ts": "0421e365abe1ec268ca973e4a24cf2aaede5af198e2a8f72e9935fb91104a274",
    "https://raw.githubusercontent.com/puffycid/artemis-api/master/src/applications/firefox.ts": "d65b1a3a10d37c2a3b9e2534e074120d0c2e0cd9320258937bc65c6f7fa2f240",
    "https://raw.githubusercontent.com/puffycid/artemis-api/master/src/encoding/base64.ts": "eba4c55624788e7a727efe1cfb9f5d5f10063cb03671430bb97e18429a24861b",
    "https://raw.githubusercontent.com/puffycid/artemis-api/master/src/environment/env.ts": "e7f24800111f4922e3f8a53e28b38d4ad7271276364c79afd35bc7ab9f8bac07",
    "https://raw.githubusercontent.com/puffycid/artemis-api/master/src/environment/mod.ts": "4be0cef7386115dc6f52b803aae619bdd14548c5f9f1ca3a3e8275bb4602f348",
    "https://raw.githubusercontent.com/puffycid/artemis-api/master/src/filesystem/directory.ts": "42343b6fbbfc6952fc8a3a9a7fa4ccb64a2a6cabb6c89b40a0667cde96bc68fe",
    "https://raw.githubusercontent.com/puffycid/artemis-api/master/src/filesystem/files.ts": "f5a8d4ca115afccab5c98760e9b0869774095759594495f23f8443c062f0988e",
    "https://raw.githubusercontent.com/puffycid/artemis-api/master/src/filesystem/mod.ts": "b3d72df3654db6203902bce14f8bb16a62d920c7f80825ac542f9f21351e0768",
    "https://raw.githubusercontent.com/puffycid/artemis-api/master/src/linux/elf.ts": "f90417287ecb599e608871cdedac68fa01b1e129a2c9854c01a86f84f853eb64",
    "https://raw.githubusercontent.com/puffycid/artemis-api/master/src/linux/journal.ts": "4099e62d06d955f9c3aa13f478dc051792fcb8ce6ed2f0e5fae4606a05655254",
    "https://raw.githubusercontent.com/puffycid/artemis-api/master/src/linux/processes.ts": "db0ca562b7394e7e52f00e0b68f9d76ab87414419b9062fa9c1de91e43c8aaf9",
    "https://raw.githubusercontent.com/puffycid/artemis-api/master/src/macos/accounts.ts": "7ed6f23a2879cb86d61545f63984a85d7ca6f0995874d05e898763936036a70b",
    "https://raw.githubusercontent.com/puffycid/artemis-api/master/src/macos/emond.ts": "fdbbe27a4f631f6d443cf4767e6ebfbdfcaa10da8176db75490d8b86ac3b5d0d",
    "https://raw.githubusercontent.com/puffycid/artemis-api/master/src/macos/execpolicy.ts": "e5445e08a330ce2ba462b3c8f0179fa39f2f65f65c90e5a11537f71dd82cc843",
    "https://raw.githubusercontent.com/puffycid/artemis-api/master/src/macos/fsevents.ts": "ee4ef3d8e957d7af8d38a2f4b3225f82a74809875aca8be76b319837ee7ea330",
    "https://raw.githubusercontent.com/puffycid/artemis-api/master/src/macos/launchd.ts": "b9fa3bf31fc2734163191f438644434727ff9e4e1520ea364c7be089fd30aa50",
    "https://raw.githubusercontent.com/puffycid/artemis-api/master/src/macos/loginitems.ts": "ba31b699e393de826a41bfac14375598678194eb49503cb70be2b6a5e3ee84dd",
    "https://raw.githubusercontent.com/puffycid/artemis-api/master/src/macos/macho.ts": "f3966f89180f9242ddc87eb8ab39e93b9c667ca3dd3d99c19bddf8506363c45e",
    "https://raw.githubusercontent.com/puffycid/artemis-api/master/src/macos/plist.ts": "d6324379585d4855f6fe9f1105b377708442bf03784842415803bb2d3b499fa9",
    "https://raw.githubusercontent.com/puffycid/artemis-api/master/src/macos/processes.ts": "5ddd4f4af38e4ccd0d9dd10915da658f5e4d24044eb6ecaff72e7514782e1cb0",
    "https://raw.githubusercontent.com/puffycid/artemis-api/master/src/macos/safari.ts": "95b3d5c184706e4fc9d4a1a603968132f58174cd2c741027d5af017442d0265f",
    "https://raw.githubusercontent.com/puffycid/artemis-api/master/src/macos/unifiedlogs.ts": "133899b4f556ff2e6518d5b5af99a633381d6cf0ed5f78c8b3a48b243961dd44",
    "https://raw.githubusercontent.com/puffycid/artemis-api/master/src/system/output.ts": "a73b070b6b39a2def800437b4bba1ee6274d86bb19065de65a51a7ede0cc2f6a",
    "https://raw.githubusercontent.com/puffycid/artemis-api/master/src/system/systeminfo.ts": "db1ac21a1c91a0aba180f061be95baeb8237e5195628785e8af243e8f8989440",
    "https://raw.githubusercontent.com/puffycid/artemis-api/master/src/unix/cron.ts": "aca0a6225997216015c3d3a3454958f690ed8771dea489157cd9806a757656b8",
    "https://raw.githubusercontent.com/puffycid/artemis-api/master/src/unix/shell_history.ts": "1acd88c3140f79c0e922a2ed8b4b979d00b6285d26bb644b5c15917a0b42826f",
    "https://raw.githubusercontent.com/puffycid/artemis-api/master/src/unix/sudologs.ts": "b7c9c00d466939a935ca8e1422a327ab3284c94627ed4b38f2fb468e3950beb3",
    "https://raw.githubusercontent.com/puffycid/artemis-api/master/src/windows/acls.ts": "8edfd484ecc7066be0e773000d9e2966583f2ec4b52eccbb58766b50b3d562a5",
    "https://raw.githubusercontent.com/puffycid/artemis-api/master/src/windows/amache.ts": "c9ae4b065a874395f23a3895bf82e7f3003223b3e3fa051fe7c8a703643f06ed",
    "https://raw.githubusercontent.com/puffycid/artemis-api/master/src/windows/bits.ts": "d9397b54aebfec2d7512aa0a61f9bf1903910050ad21d8663b938dcde511ddbc",
    "https://raw.githubusercontent.com/puffycid/artemis-api/master/src/windows/eventlogs.ts": "4376922a0293a40a508d8b7d552d0b59625020c722a69f862e23ab2fffcd65f6",
    "https://raw.githubusercontent.com/puffycid/artemis-api/master/src/windows/ntfs.ts": "82dd8256e81d92e1a4361085c07a35c6b610105de28492d4e8733e795eda3b45",
    "https://raw.githubusercontent.com/puffycid/artemis-api/master/src/windows/pe.ts": "a0a5db29885cd8f9bfc0c369562f31faafb62732e4d57147c236c712715bd59d",
    "https://raw.githubusercontent.com/puffycid/artemis-api/master/src/windows/prefetch.ts": "d725efb6933f03bcaad9e4b5a43bd6414629e470372d073a04551b1dec7f43b5",
    "https://raw.githubusercontent.com/puffycid/artemis-api/master/src/windows/processes.ts": "f4e79bd3e0b865daabd8c931e197123c9d98edc8f0ada06894f4d18edb4ff9f7",
    "https://raw.githubusercontent.com/puffycid/artemis-api/master/src/windows/registry.ts": "62a59e842f752a2641d52e1c846beff3151b59d69d1ebcc1e80f490a272b11cc",
    "https://raw.githubusercontent.com/puffycid/artemis-api/master/src/windows/search.ts": "440e36448dd68644347c85d756c01cf980686676473c8574eab418bb7ba1b42e",
    "https://raw.githubusercontent.com/puffycid/artemis-api/master/src/windows/shellbags.ts": "cc400af1670ae1a296d5514aca277c73d6b16c660a7dc03640f73fdf02240fa5",
    "https://raw.githubusercontent.com/puffycid/artemis-api/master/src/windows/shellitems.ts": "ddc4d50d0ca9f04df1c698c10aadaaefa53f4140a6086ef7bdbf0c129f22d4fa",
    "https://raw.githubusercontent.com/puffycid/artemis-api/master/src/windows/shimcache.ts": "1f57246f94d9243715aeccb82a5473aea721cf3407114c10be4011a83d228a27",
    "https://raw.githubusercontent.com/puffycid/artemis-api/master/src/windows/shimdb.ts": "32c90fc12c449c02ea5bd3c3292349634e8e1d4970416fc0d80f6fe576383e3b",
    "https://raw.githubusercontent.com/puffycid/artemis-api/master/src/windows/shortcuts.ts": "6ea62c73e55daf7dce8f7718a2c6f7979c189e4b93dad71004ef87c79037df9a",
    "https://raw.githubusercontent.com/puffycid/artemis-api/master/src/windows/srum.ts": "5b93bdcae43698a3fd823951307725509490e0b101ac7e8943ecb5ebb73f625c",
    "https://raw.githubusercontent.com/puffycid/artemis-api/master/src/windows/userassist.ts": "c9294f418b4c5173db7dd118fd734502a0864434921a92338e7e33bdac31deee",
    "https://raw.githubusercontent.com/puffycid/artemis-api/master/src/windows/users.ts": "6c56bb2baee01844cdf55a8b1099a8e64326b0a1a398334a5f1ff3b008bf34ea",
    "https://raw.githubusercontent.com/puffycid/artemis-api/master/src/windows/usnjrnl.ts": "caa697f5315c77b96f5d36012ec1b56763e3b552cceadef5119ff51ecb6b9873"
  }
}
