{
  "version": "2",
  "remote": {
    "https://deno.land/std@0.156.0/_util/assert.ts": "e94f2eb37cebd7f199952e242c77654e43333c1ac4c5c700e929ea3aa5489f74",
    "https://deno.land/std@0.156.0/_util/os.ts": "3b4c6e27febd119d36a416d7a97bd3b0251b77c88942c8f16ee5953ea13e2e49",
    "https://deno.land/std@0.156.0/path/_constants.ts": "df1db3ffa6dd6d1252cc9617e5d72165cd2483df90e93833e13580687b6083c3",
    "https://deno.land/std@0.156.0/path/_interface.ts": "ee3b431a336b80cf445441109d089b70d87d5e248f4f90ff906820889ecf8d09",
    "https://deno.land/std@0.156.0/path/_util.ts": "d16be2a16e1204b65f9d0dfc54a9bc472cafe5f4a190b3c8471ec2016ccd1677",
    "https://deno.land/std@0.156.0/path/common.ts": "bee563630abd2d97f99d83c96c2fa0cca7cee103e8cb4e7699ec4d5db7bd2633",
    "https://deno.land/std@0.156.0/path/glob.ts": "cb5255638de1048973c3e69e420c77dc04f75755524cb3b2e160fe9277d939ee",
    "https://deno.land/std@0.156.0/path/mod.ts": "56fec03ad0ebd61b6ab39ddb9b0ddb4c4a5c9f2f4f632e09dd37ec9ebfd722ac",
    "https://deno.land/std@0.156.0/path/posix.ts": "c1f7afe274290ea0b51da07ee205653b2964bd74909a82deb07b69a6cc383aaa",
    "https://deno.land/std@0.156.0/path/separator.ts": "fe1816cb765a8068afb3e8f13ad272351c85cbc739af56dacfc7d93d710fe0f9",
    "https://deno.land/std@0.156.0/path/win32.ts": "bd7549042e37879c68ff2f8576a25950abbfca1d696d41d82c7bca0b7e6f452c",
    "https://deno.land/x/denoflate@1.2.1/mod.ts": "f5628e44b80b3d80ed525afa2ba0f12408e3849db817d47a883b801f9ce69dd6",
    "https://deno.land/x/denoflate@1.2.1/pkg/denoflate.js": "b9f9ad9457d3f12f28b1fb35c555f57443427f74decb403113d67364e4f2caf4",
    "https://deno.land/x/denoflate@1.2.1/pkg/denoflate_bg.wasm.js": "d581956245407a2115a3d7e8d85a9641c032940a8e810acbd59ca86afd34d44d",
    "https://deno.land/x/esbuild@v0.15.10/mod.d.ts": "12e96a8d05c8e2c5638aa9cb09f24222134d437abb2f3f52de0156adb2270719",
    "https://deno.land/x/esbuild@v0.15.10/mod.js": "b6076f05f58057025ce0eddb404a4da3b7a0e3768c53f6c87959c8c32240e9cd",
    "https://deno.land/x/esbuild_deno_loader@0.6.0/deps.ts": "fe86f62cb954edc2580868cdc3292d4446f22cd2c4eedbf8ee26513fdf74e343",
    "https://deno.land/x/esbuild_deno_loader@0.6.0/mod.ts": "5d8a429b26c70f9fd522a8629e751f3bdf63680da473e537bc420d552ee3bf0b",
    "https://deno.land/x/esbuild_deno_loader@0.6.0/src/deno.ts": "0e83ccabbe2b004389288e38df2031b79eb347df2d139fce9394d8e88a11f259",
    "https://deno.land/x/esbuild_deno_loader@0.6.0/src/native_loader.ts": "343854a566cf510cf25144f7c09fc0c1097780a31830305142a075d12bb697ba",
    "https://deno.land/x/esbuild_deno_loader@0.6.0/src/portable_loader.ts": "35b6c526eed8c2c781a3256b23c30aa7cce69c0ef1d583c15528663287ba18a3",
    "https://deno.land/x/esbuild_deno_loader@0.6.0/src/shared.ts": "b64749cd8c0f6252a11498bd8758ef1220003e46b2c9b68e16da63fd7e92b13a",
    "https://deno.land/x/importmap@0.2.1/_util.ts": "ada9a9618b537e6c0316c048a898352396c882b9f2de38aba18fd3f2950ede89",
    "https://deno.land/x/importmap@0.2.1/mod.ts": "ae3d1cd7eabd18c01a4960d57db471126b020f23b37ef14e1359bbb949227ade",
    "https://raw.githubusercontent.com/puffycid/artemis-api/master/mod.ts": "0dd09aa99e2aadc66fcddebd8a69da7dfa10196efb0dc009d1b2cf7b59464b65",
    "https://raw.githubusercontent.com/puffycid/artemis-api/master/src/applications/chromium.ts": "0421e365abe1ec268ca973e4a24cf2aaede5af198e2a8f72e9935fb91104a274",
    "https://raw.githubusercontent.com/puffycid/artemis-api/master/src/applications/firefox.ts": "d65b1a3a10d37c2a3b9e2534e074120d0c2e0cd9320258937bc65c6f7fa2f240",
    "https://raw.githubusercontent.com/puffycid/artemis-api/master/src/encoding/base64.ts": "eba4c55624788e7a727efe1cfb9f5d5f10063cb03671430bb97e18429a24861b",
    "https://raw.githubusercontent.com/puffycid/artemis-api/master/src/filesystem/directory.ts": "4f81487b555f92653aa5586f2163339ace0277b53cd67a41aad2fcf291969098",
    "https://raw.githubusercontent.com/puffycid/artemis-api/master/src/filesystem/files.ts": "b6970e95e15172b7cc991fbfdf324387fa7da84c7d4d1067baa47e1d721475ad",
    "https://raw.githubusercontent.com/puffycid/artemis-api/master/src/filesystem/mod.ts": "b3d72df3654db6203902bce14f8bb16a62d920c7f80825ac542f9f21351e0768",
    "https://raw.githubusercontent.com/puffycid/artemis-api/master/src/linux/elf.ts": "f90417287ecb599e608871cdedac68fa01b1e129a2c9854c01a86f84f853eb64",
    "https://raw.githubusercontent.com/puffycid/artemis-api/master/src/linux/journal.ts": "4099e62d06d955f9c3aa13f478dc051792fcb8ce6ed2f0e5fae4606a05655254",
    "https://raw.githubusercontent.com/puffycid/artemis-api/master/src/linux/processes.ts": "db0ca562b7394e7e52f00e0b68f9d76ab87414419b9062fa9c1de91e43c8aaf9",
    "https://raw.githubusercontent.com/puffycid/artemis-api/master/src/macos/accounts.ts": "7ed6f23a2879cb86d61545f63984a85d7ca6f0995874d05e898763936036a70b",
    "https://raw.githubusercontent.com/puffycid/artemis-api/master/src/macos/emond.ts": "fdbbe27a4f631f6d443cf4767e6ebfbdfcaa10da8176db75490d8b86ac3b5d0d",
    "https://raw.githubusercontent.com/puffycid/artemis-api/master/src/macos/execpolicy.ts": "e5445e08a330ce2ba462b3c8f0179fa39f2f65f65c90e5a11537f71dd82cc843",
    "https://raw.githubusercontent.com/puffycid/artemis-api/master/src/macos/fsevents.ts": "ee4ef3d8e957d7af8d38a2f4b3225f82a74809875aca8be76b319837ee7ea330",
    "https://raw.githubusercontent.com/puffycid/artemis-api/master/src/macos/launchd.ts": "b9fa3bf31fc2734163191f438644434727ff9e4e1520ea364c7be089fd30aa50",
    "https://raw.githubusercontent.com/puffycid/artemis-api/master/src/macos/loginitems.ts": "ba31b699e393de826a41bfac14375598678194eb49503cb70be2b6a5e3ee84dd",
    "https://raw.githubusercontent.com/puffycid/artemis-api/master/src/macos/macho.ts": "f3966f89180f9242ddc87eb8ab39e93b9c667ca3dd3d99c19bddf8506363c45e",
    "https://raw.githubusercontent.com/puffycid/artemis-api/master/src/macos/plist.ts": "d6324379585d4855f6fe9f1105b377708442bf03784842415803bb2d3b499fa9",
    "https://raw.githubusercontent.com/puffycid/artemis-api/master/src/macos/processes.ts": "5ddd4f4af38e4ccd0d9dd10915da658f5e4d24044eb6ecaff72e7514782e1cb0",
    "https://raw.githubusercontent.com/puffycid/artemis-api/master/src/macos/safari.ts": "95b3d5c184706e4fc9d4a1a603968132f58174cd2c741027d5af017442d0265f",
    "https://raw.githubusercontent.com/puffycid/artemis-api/master/src/macos/unifiedlogs.ts": "133899b4f556ff2e6518d5b5af99a633381d6cf0ed5f78c8b3a48b243961dd44",
    "https://raw.githubusercontent.com/puffycid/artemis-api/master/src/system/output.ts": "970a6a3ead1b8663ca84a9bc9da5ab2f563cee6de2b1b670b119d70208b95d1d",
    "https://raw.githubusercontent.com/puffycid/artemis-api/master/src/unix/cron.ts": "aca0a6225997216015c3d3a3454958f690ed8771dea489157cd9806a757656b8",
    "https://raw.githubusercontent.com/puffycid/artemis-api/master/src/unix/shell_history.ts": "1acd88c3140f79c0e922a2ed8b4b979d00b6285d26bb644b5c15917a0b42826f",
    "https://raw.githubusercontent.com/puffycid/artemis-api/master/src/unix/sudologs.ts": "b7c9c00d466939a935ca8e1422a327ab3284c94627ed4b38f2fb468e3950beb3",
    "https://raw.githubusercontent.com/puffycid/artemis-api/master/src/windows/acls.ts": "8edfd484ecc7066be0e773000d9e2966583f2ec4b52eccbb58766b50b3d562a5",
    "https://raw.githubusercontent.com/puffycid/artemis-api/master/src/windows/amache.ts": "e6696c66a947785efd6f9f593f86084752e8dfe1005af34419a41a5d5f69b57a",
    "https://raw.githubusercontent.com/puffycid/artemis-api/master/src/windows/bits.ts": "df37978a1530fe4e1fd10e200cfd9c3068650cbb02d61850fa793f9b869ffe0d",
    "https://raw.githubusercontent.com/puffycid/artemis-api/master/src/windows/eventlogs.ts": "4ed3a4d90f071cd71d11f14c644ddc0959db9f5780727739f2b15678f6476a86",
    "https://raw.githubusercontent.com/puffycid/artemis-api/master/src/windows/ntfs.ts": "2b1e29ed4bef40cd2175e54bc6f1b7b3cb4da1f858bf9f2ac9fe7efd659a81dd",
    "https://raw.githubusercontent.com/puffycid/artemis-api/master/src/windows/pe.ts": "c41d491ffebe8d6bb2c7ca06b03c0663d3675ba48f8f7f9e15787b400b43d10a",
    "https://raw.githubusercontent.com/puffycid/artemis-api/master/src/windows/prefetch.ts": "4e53edb0277e83eaf55a5131ea50c6f1c38ae57db27147969e75520237bdff3c",
    "https://raw.githubusercontent.com/puffycid/artemis-api/master/src/windows/processes.ts": "14bdff44d1d4fd530a44953c9fc308d728a1ba5070c99fb08bc8f3bd1bdebb2f",
    "https://raw.githubusercontent.com/puffycid/artemis-api/master/src/windows/registry.ts": "f57e3d691c48984591b0021a16839f179895bfea08a88925fea2f904173309b0",
    "https://raw.githubusercontent.com/puffycid/artemis-api/master/src/windows/search.ts": "5ae18ab05c4a0b3c6409b6a54e878d9218c3be7a018986754e1dbce5bfd76563",
    "https://raw.githubusercontent.com/puffycid/artemis-api/master/src/windows/shellbags.ts": "8b59a53be2f0c096c2d5f007db49957f392543920a7435be1bf14fb186a2ee57",
    "https://raw.githubusercontent.com/puffycid/artemis-api/master/src/windows/shellitems.ts": "ddc4d50d0ca9f04df1c698c10aadaaefa53f4140a6086ef7bdbf0c129f22d4fa",
    "https://raw.githubusercontent.com/puffycid/artemis-api/master/src/windows/shimcache.ts": "434e3b8878b372db1c37f13698131237a2696a2370248b8bb3429b924180fa84",
    "https://raw.githubusercontent.com/puffycid/artemis-api/master/src/windows/shimdb.ts": "e5dd2859d40cb1135e3a98b1a7a0db7ddd0337b47932c64bc366d35d72eb0846",
    "https://raw.githubusercontent.com/puffycid/artemis-api/master/src/windows/shortcuts.ts": "41bc51ec1d087cd5871a9500a19d40f0056ff72a6609cec57e083f074fa0af4f",
    "https://raw.githubusercontent.com/puffycid/artemis-api/master/src/windows/srum.ts": "94e86384d66e1dc0b3357a87053dde9a76d859168912014cecbf43a0ea1d9769",
    "https://raw.githubusercontent.com/puffycid/artemis-api/master/src/windows/systeminfo.ts": "0eab3d5d1eeb1403d527598509a4051089acac2d6172eb1ffa7c9d9dd1c4ba47",
    "https://raw.githubusercontent.com/puffycid/artemis-api/master/src/windows/userassist.ts": "ac4dd4469e6dd0b254cd8e6023b2b941cc0c548c4d35852c43e727fcf5b960a9",
    "https://raw.githubusercontent.com/puffycid/artemis-api/master/src/windows/users.ts": "c3329d3640b9b3801292136f7e283bba97d98551e88250b8221272a5ada389f5",
    "https://raw.githubusercontent.com/puffycid/artemis-api/master/src/windows/usnjrnl.ts": "ac16167325fbc3a5efb39973affc331eb412e32ea29883f2b4b82b3cf105cacd"
  }
}
