{
  "version": "2",
  "remote": {
    "https://deno.land/std@0.156.0/_util/assert.ts": "e94f2eb37cebd7f199952e242c77654e43333c1ac4c5c700e929ea3aa5489f74",
    "https://deno.land/std@0.156.0/_util/os.ts": "3b4c6e27febd119d36a416d7a97bd3b0251b77c88942c8f16ee5953ea13e2e49",
    "https://deno.land/std@0.156.0/path/_constants.ts": "df1db3ffa6dd6d1252cc9617e5d72165cd2483df90e93833e13580687b6083c3",
    "https://deno.land/std@0.156.0/path/_interface.ts": "ee3b431a336b80cf445441109d089b70d87d5e248f4f90ff906820889ecf8d09",
    "https://deno.land/std@0.156.0/path/_util.ts": "d16be2a16e1204b65f9d0dfc54a9bc472cafe5f4a190b3c8471ec2016ccd1677",
    "https://deno.land/std@0.156.0/path/common.ts": "bee563630abd2d97f99d83c96c2fa0cca7cee103e8cb4e7699ec4d5db7bd2633",
    "https://deno.land/std@0.156.0/path/glob.ts": "cb5255638de1048973c3e69e420c77dc04f75755524cb3b2e160fe9277d939ee",
    "https://deno.land/std@0.156.0/path/mod.ts": "56fec03ad0ebd61b6ab39ddb9b0ddb4c4a5c9f2f4f632e09dd37ec9ebfd722ac",
    "https://deno.land/std@0.156.0/path/posix.ts": "c1f7afe274290ea0b51da07ee205653b2964bd74909a82deb07b69a6cc383aaa",
    "https://deno.land/std@0.156.0/path/separator.ts": "fe1816cb765a8068afb3e8f13ad272351c85cbc739af56dacfc7d93d710fe0f9",
    "https://deno.land/std@0.156.0/path/win32.ts": "bd7549042e37879c68ff2f8576a25950abbfca1d696d41d82c7bca0b7e6f452c",
    "https://deno.land/std@0.177.0/encoding/base64.ts": "7de04c2f8aeeb41453b09b186480be90f2ff357613b988e99fabb91d2eeceba1",
    "https://deno.land/x/denoflate@1.2.1/mod.ts": "f5628e44b80b3d80ed525afa2ba0f12408e3849db817d47a883b801f9ce69dd6",
    "https://deno.land/x/denoflate@1.2.1/pkg/denoflate.js": "b9f9ad9457d3f12f28b1fb35c555f57443427f74decb403113d67364e4f2caf4",
    "https://deno.land/x/denoflate@1.2.1/pkg/denoflate_bg.wasm.js": "d581956245407a2115a3d7e8d85a9641c032940a8e810acbd59ca86afd34d44d",
    "https://deno.land/x/esbuild@v0.15.10/mod.js": "b6076f05f58057025ce0eddb404a4da3b7a0e3768c53f6c87959c8c32240e9cd",
    "https://deno.land/x/esbuild_deno_loader@0.6.0/deps.ts": "fe86f62cb954edc2580868cdc3292d4446f22cd2c4eedbf8ee26513fdf74e343",
    "https://deno.land/x/esbuild_deno_loader@0.6.0/mod.ts": "5d8a429b26c70f9fd522a8629e751f3bdf63680da473e537bc420d552ee3bf0b",
    "https://deno.land/x/esbuild_deno_loader@0.6.0/src/deno.ts": "0e83ccabbe2b004389288e38df2031b79eb347df2d139fce9394d8e88a11f259",
    "https://deno.land/x/esbuild_deno_loader@0.6.0/src/native_loader.ts": "343854a566cf510cf25144f7c09fc0c1097780a31830305142a075d12bb697ba",
    "https://deno.land/x/esbuild_deno_loader@0.6.0/src/portable_loader.ts": "35b6c526eed8c2c781a3256b23c30aa7cce69c0ef1d583c15528663287ba18a3",
    "https://deno.land/x/esbuild_deno_loader@0.6.0/src/shared.ts": "b64749cd8c0f6252a11498bd8758ef1220003e46b2c9b68e16da63fd7e92b13a",
    "https://deno.land/x/importmap@0.2.1/_util.ts": "ada9a9618b537e6c0316c048a898352396c882b9f2de38aba18fd3f2950ede89",
    "https://deno.land/x/importmap@0.2.1/mod.ts": "ae3d1cd7eabd18c01a4960d57db471126b020f23b37ef14e1359bbb949227ade",
    "https://raw.githubusercontent.com/puffycid/artemis-api/master/mod.ts": "e48b25791a92b188c03918999c22ee242896cd798e1d9554fe75d00092c3a3a7",
    "https://raw.githubusercontent.com/puffycid/artemis-api/master/src/applications/chromium.ts": "0066c82672d9c798812d734f6475a77b398d12455ef9d5dc68ca0d82eba66feb",
    "https://raw.githubusercontent.com/puffycid/artemis-api/master/src/applications/firefox.ts": "ef41ad286f940760ce2abc88551e1f1af4654b16f83406cf6d7cddadc742f38b",
    "https://raw.githubusercontent.com/puffycid/artemis-api/master/src/applications/safari.ts": "01ce39a0aab9e117c46b9a0753d1694814adac47c4c5eca85a486e71a9ba5ef1",
    "https://raw.githubusercontent.com/puffycid/artemis-api/master/src/linux/elf.ts": "7aea5b43a42eeb27a85fc87c1ce522b4e97c15c4c8e08bfc7fa7a518fb560dae",
    "https://raw.githubusercontent.com/puffycid/artemis-api/master/src/linux/journal.ts": "0045e3ba4c3ace34e779ccdb4e98676fc7648d9314dac7e97e4373588115f16b",
    "https://raw.githubusercontent.com/puffycid/artemis-api/master/src/linux/processes.ts": "2c8d327800fbd39d26ba7c79c751e9cdc730523ffcf78709f22a8650867e52fd",
    "https://raw.githubusercontent.com/puffycid/artemis-api/master/src/macos/accounts.ts": "5fd35bad469850e97b012403c9e4307785a04fe988d8895de9d26d6327fc043b",
    "https://raw.githubusercontent.com/puffycid/artemis-api/master/src/macos/emond.ts": "303999edf9df9090bb8792509f20941887996f2ae650c850a8302ae6e31854a5",
    "https://raw.githubusercontent.com/puffycid/artemis-api/master/src/macos/fsevents.ts": "a3ec7be082f12f88ba6aa975b2bccfe0b6b4ae32aba934ee6c2b0cecd684e39b",
    "https://raw.githubusercontent.com/puffycid/artemis-api/master/src/macos/launchd.ts": "1af505c6e91028d2b85876b2afef8bfe58618b427f008e6bee735e6bb49b027e",
    "https://raw.githubusercontent.com/puffycid/artemis-api/master/src/macos/loginitems.ts": "eceddd76b1c344ca184bafe1fae8f1544d6cc75d87c3b809c9b348b6e1c8f68f",
    "https://raw.githubusercontent.com/puffycid/artemis-api/master/src/macos/macho.ts": "12b5a49620a0e7b3774d9d95b2e5c04875ff468ea32900cccdcb71476cb631d8",
    "https://raw.githubusercontent.com/puffycid/artemis-api/master/src/macos/plist.ts": "c2d2ddc9ea0d230f0d2cd2cce9de4d737814fd4d1ad1dc429af406762d651188",
    "https://raw.githubusercontent.com/puffycid/artemis-api/master/src/macos/processes.ts": "9c937d811712349535cc75e61562d78ef560ee3f207c0593db18d78b9925b60f",
    "https://raw.githubusercontent.com/puffycid/artemis-api/master/src/macos/unifiedlogs.ts": "e95592c22a10998d7fa091a9e367c4440f246deca23e540539e47f69eb287e5a",
    "https://raw.githubusercontent.com/puffycid/artemis-api/master/src/system/output.ts": "d5b2056a0a492bd9af3f6c65368581c488f9de43b4c7dd63a954eb13ffebfa7f",
    "https://raw.githubusercontent.com/puffycid/artemis-api/master/src/unix/cron.ts": "095f2f4a369591914863dbc073d8cef86b19d5c56b457d2bb9cf6026f944f32e",
    "https://raw.githubusercontent.com/puffycid/artemis-api/master/src/unix/shell_history.ts": "d35ef9c2b82ad018cbc02a8df79c74fb951f319527898183719ce890aa7a821a",
    "https://raw.githubusercontent.com/puffycid/artemis-api/master/src/unix/sudologs.ts": "a849bbc46ce5d394059d67a6a7828d68754a49255b729ea5dc0def8db354d915",
    "https://raw.githubusercontent.com/puffycid/artemis-api/master/src/windows/acls.ts": "8edfd484ecc7066be0e773000d9e2966583f2ec4b52eccbb58766b50b3d562a5",
    "https://raw.githubusercontent.com/puffycid/artemis-api/master/src/windows/amache.ts": "93b5a8021b1989a76405b55fc40ebe4cba6f5c4909ac093f3580912df6fff40a",
    "https://raw.githubusercontent.com/puffycid/artemis-api/master/src/windows/bits.ts": "0905866ffd9f13cd2c539e3ea5032c827c90e46712d6d5f9da974c58300eb9e3",
    "https://raw.githubusercontent.com/puffycid/artemis-api/master/src/windows/eventlogs.ts": "bf764fc0ff268ee5b7940a0c2140f121e105ca06b0c72d208572e68ad2b71f23",
    "https://raw.githubusercontent.com/puffycid/artemis-api/master/src/windows/ntfs.ts": "be299e98820bcb559ba202853b9cf4109bfc8f41a53d29133b50258803670d69",
    "https://raw.githubusercontent.com/puffycid/artemis-api/master/src/windows/pe.ts": "7e33d1b7ca6e2d9e440682d294a115a166c9c8047603d62961fb2b625b14a722",
    "https://raw.githubusercontent.com/puffycid/artemis-api/master/src/windows/prefetch.ts": "55c25d649016d2ff697409d2c398ddd67021591a23af265e17283b93f76df3e6",
    "https://raw.githubusercontent.com/puffycid/artemis-api/master/src/windows/processes.ts": "3b42b0812e1aaff68d2ba68680be45f58ebd54da975428c5251ed634b76f4de0",
    "https://raw.githubusercontent.com/puffycid/artemis-api/master/src/windows/registry.ts": "55556a436a2f3e829fab7ad47c4da3de2dfe46dcf57806c0549f645dd1fd056d",
    "https://raw.githubusercontent.com/puffycid/artemis-api/master/src/windows/search.ts": "467ca2e330125b244f7400b4ec0fd9fed8650f62429df11ffb2cfea4e3b52993",
    "https://raw.githubusercontent.com/puffycid/artemis-api/master/src/windows/shellbags.ts": "32d86fe1695a901ceb44a634b39f8e34bbbd593a06b1a8232db9190c91953448",
    "https://raw.githubusercontent.com/puffycid/artemis-api/master/src/windows/shellitems.ts": "ddc4d50d0ca9f04df1c698c10aadaaefa53f4140a6086ef7bdbf0c129f22d4fa",
    "https://raw.githubusercontent.com/puffycid/artemis-api/master/src/windows/shimcache.ts": "a64f6a85e12d221c2ec9c74ee9e0e0da6fcb864b1383e67fef7204049af3e305",
    "https://raw.githubusercontent.com/puffycid/artemis-api/master/src/windows/shimdb.ts": "6f4ae444f8907a7766cce2a93ce7bebcc1207756bf89186a4af9e8455dc6f683",
    "https://raw.githubusercontent.com/puffycid/artemis-api/master/src/windows/shortcuts.ts": "c9ac7e67a6e238aa4788a0d8c4b5ede21f79fbf9a66c3e5ec3edff6914d4f150",
    "https://raw.githubusercontent.com/puffycid/artemis-api/master/src/windows/srum.ts": "233ef843f1d1c50396a2258f10401d14cbe7af235c76395a61edeb437c447da8",
    "https://raw.githubusercontent.com/puffycid/artemis-api/master/src/windows/systeminfo.ts": "1af07b902a63c163d22e968a4d4e15b0df864b3dd8a0ac68667a82c05acec22e",
    "https://raw.githubusercontent.com/puffycid/artemis-api/master/src/windows/userassist.ts": "a2156b6139b7a47533c378c4fc51cd0661314c2514db9ece0823efbd894b8e9f",
    "https://raw.githubusercontent.com/puffycid/artemis-api/master/src/windows/users.ts": "b541039d82e872c249bf2d4f8cd2449ca3247733c493443e282a1be6b3f45582",
    "https://raw.githubusercontent.com/puffycid/artemis-api/master/src/windows/usnjrnl.ts": "255d45467338deca51696777de0f085bc7ed2831196890a0104fb7403a66fd15"
  }
}
