{
  "version": "2",
  "remote": {
    "https://raw.githubusercontent.com/puffycid/artemis-api/master/mod.ts": "f633f6d4c40b0bc0bb96e37bc514639f3d2a40f32be431bc28231a6c6ea3b8c3",
    "https://raw.githubusercontent.com/puffycid/artemis-api/master/src/applications/chromium.ts": "3aff10995727acb8f5ad3f7a7f658814b45af914d5fcee089f49c2adc8559d0b",
    "https://raw.githubusercontent.com/puffycid/artemis-api/master/src/applications/firefox.ts": "64c76a958d244921fc7f1749eef7474baf32ed759bad93c68e8f419c48b157bb",
    "https://raw.githubusercontent.com/puffycid/artemis-api/master/src/filesystem/directory.ts": "e86567443b9443d6ed50d43ebcbb3762e00c6fc77ae843082cff13586e91e792",
    "https://raw.githubusercontent.com/puffycid/artemis-api/master/src/filesystem/files.ts": "14edb63071cd7e617c4dd2b2b7b6f4297f9fafcd89d69c3e72b031da74f175ed",
    "https://raw.githubusercontent.com/puffycid/artemis-api/master/src/filesystem/mod.ts": "9bb00178b5b01f05cc1ff4fa4ee10f452df69275cc1480f8b519b0adffead5e8",
    "https://raw.githubusercontent.com/puffycid/artemis-api/master/src/linux/elf.ts": "268a9de400e77f92c52def522d327c0041834fb39ad3e62cddeb6cca8a08b22e",
    "https://raw.githubusercontent.com/puffycid/artemis-api/master/src/linux/journal.ts": "9f48edad3c8dde692a5a5eebf40bd4ffb4929b5bf8a8fdc9d6322c4ccaef597b",
    "https://raw.githubusercontent.com/puffycid/artemis-api/master/src/linux/logon.ts": "b9800bc24ba9ca573712e54c8c666a2321db6f34f8b8b9b626ed3a974655e7c6",
    "https://raw.githubusercontent.com/puffycid/artemis-api/master/src/macos/accounts.ts": "8439dd602e4cae6ca8e1b759f84352839d3835f324cfb2f45a7d8dca67b1d503",
    "https://raw.githubusercontent.com/puffycid/artemis-api/master/src/macos/emond.ts": "f648dede8a49ae6e4f5adf43de05e4a7e3d55ebe81cc8646ea3b0d0e8ea08b38",
    "https://raw.githubusercontent.com/puffycid/artemis-api/master/src/macos/execpolicy.ts": "8c64ff3d1814ced76d56ccf9aa06054a70da865cce0c555e04597db0ea381a8c",
    "https://raw.githubusercontent.com/puffycid/artemis-api/master/src/macos/fsevents.ts": "79a7848d02046a2e9c95fb61e14b798378fadfcc5cbe2b5a40325d75af18b4e4",
    "https://raw.githubusercontent.com/puffycid/artemis-api/master/src/macos/launchd.ts": "f435e6af2651c8a69188276b927cd756068d5071424174e794bd47c0ab0b0be0",
    "https://raw.githubusercontent.com/puffycid/artemis-api/master/src/macos/loginitems.ts": "b32504cdd7530ae2e0517efdee2c27ff689e44c7dc89500c07d032481ff251ab",
    "https://raw.githubusercontent.com/puffycid/artemis-api/master/src/macos/macho.ts": "a0c681656b49fac01af35ba15e5ee5e16f4bb57bbba608da009ad94cd9053f2c",
    "https://raw.githubusercontent.com/puffycid/artemis-api/master/src/macos/plist.ts": "6c78458ddba6edc9240b3fa950c599a5dff05b892efff308f85a085174f1218e",
    "https://raw.githubusercontent.com/puffycid/artemis-api/master/src/macos/safari.ts": "b7e0c7075046fce1e0d6842f26317fea3dfd9067909b43cc069ad1aa0f5db6fe",
    "https://raw.githubusercontent.com/puffycid/artemis-api/master/src/macos/unifiedlogs.ts": "d255ccd31c953e52f1f5a6edc6bf5dba92a1617e30c03fa3e379e25ef15ff4da",
    "https://raw.githubusercontent.com/puffycid/artemis-api/master/src/system/cpu.ts": "c96db7cb6230b2a3d93cc4529e8192525e18954aeaa16844913c93808a14e225",
    "https://raw.githubusercontent.com/puffycid/artemis-api/master/src/system/disks.ts": "5ef591212843b26c18c89f3f1e0aa279b1ce1e9f316ce1debcc5675c8e748439",
    "https://raw.githubusercontent.com/puffycid/artemis-api/master/src/system/memory.ts": "a215ba81f97e5801b5bb794d3aee1a6baadfe5375d949e8f0af7954ac84f7292",
    "https://raw.githubusercontent.com/puffycid/artemis-api/master/src/system/output.ts": "a73b070b6b39a2def800437b4bba1ee6274d86bb19065de65a51a7ede0cc2f6a",
    "https://raw.githubusercontent.com/puffycid/artemis-api/master/src/system/platform.ts": "963d5bf0786114e25baa69ca793d676e88acf125d46e6125285c8257a724fd79",
    "https://raw.githubusercontent.com/puffycid/artemis-api/master/src/system/systeminfo.ts": "4d358966a8b516523b74eaf257bbef26e91a31165e9c7ae1a5f09fe8e535be8f",
    "https://raw.githubusercontent.com/puffycid/artemis-api/master/src/unix/cron.ts": "e2b82caba3eb4deea5e1306b259a8f13e501fae5669fa423343def04837919b5",
    "https://raw.githubusercontent.com/puffycid/artemis-api/master/src/unix/shell_history.ts": "1b978c56f5907578000fbd7e58ceb4507734a497dce63adee76bee635a5a2d41",
    "https://raw.githubusercontent.com/puffycid/artemis-api/master/src/unix/sudologs.ts": "4b538b3e7a03bdf264105df16f9e216a50b441eac76e62aaeaa290796c12b0b3",
    "https://raw.githubusercontent.com/puffycid/artemis-api/master/src/windows/amache.ts": "78ceb3f8c71109e59a5e247dab09eb7b2d45e5f794fba0c4cd3357323f84abdb",
    "https://raw.githubusercontent.com/puffycid/artemis-api/master/src/windows/bits.ts": "1a618a7bd619938b15749021a4f0c6a3a26b7a8c390ca9c8745b21dd1c947367",
    "https://raw.githubusercontent.com/puffycid/artemis-api/master/src/windows/eventlogs.ts": "e73dd449b4b413bea8e04ae7bc7696a59d299c2422da958d90ec490583456bcb",
    "https://raw.githubusercontent.com/puffycid/artemis-api/master/src/windows/jumplists.ts": "e5fe6ca5d7fd245c8d3e54377d0a4c47728f356e45e66ccd137aa7ccf9c5c27c",
    "https://raw.githubusercontent.com/puffycid/artemis-api/master/src/windows/ntfs.ts": "7c606c640f72bbfac5d5b646077f292fdcb1c8fd0ff643dc0cfa30175f450bc6",
    "https://raw.githubusercontent.com/puffycid/artemis-api/master/src/windows/pe.ts": "e1db30355e77d8b264506ef5c6703b5b6419ccde52434aa2408643a0cba09ffe",
    "https://raw.githubusercontent.com/puffycid/artemis-api/master/src/windows/prefetch.ts": "7d0e4c2c680fa59556c903032213b0c1d108cfb4257cfd8f78b4c7cd02a6de8d",
    "https://raw.githubusercontent.com/puffycid/artemis-api/master/src/windows/recyclebin.ts": "e11d46508b75d228092d10d3dbaa01969cdd6538f7a28000e7084b6221d98e06",
    "https://raw.githubusercontent.com/puffycid/artemis-api/master/src/windows/registry.ts": "f7ccb04ccb9af4dee6e6d955a4c8d0e59b1c4b7eb5308bd5ab7ee9087c039517",
    "https://raw.githubusercontent.com/puffycid/artemis-api/master/src/windows/search.ts": "546008aaa5985049f0c8b9506018e4b85c9de62aeacf38ab0a73656bf7f6f566",
    "https://raw.githubusercontent.com/puffycid/artemis-api/master/src/windows/services.ts": "dbea9eb66f724d274f2e39e7379ebc6f1c1c804b82e720a2b87f8eacd791fba9",
    "https://raw.githubusercontent.com/puffycid/artemis-api/master/src/windows/shellbags.ts": "6991817171d7d74151b56adf23daf28eccf1f9552c95bf6b774955fa519b88ed",
    "https://raw.githubusercontent.com/puffycid/artemis-api/master/src/windows/shimcache.ts": "2841d7237156b8f37034a4e8a9177589d1afb8a57b63997883d24c42fb0d1fbd",
    "https://raw.githubusercontent.com/puffycid/artemis-api/master/src/windows/shimdb.ts": "2dafe1b873942d2d3342a738ece5c2fba0f262d1a2e9c9102c4977b78b6e66b4",
    "https://raw.githubusercontent.com/puffycid/artemis-api/master/src/windows/shortcuts.ts": "7a045860a70214529bbfaced47082a1b67f30c377f8f2d36b151913149472c4f",
    "https://raw.githubusercontent.com/puffycid/artemis-api/master/src/windows/srum.ts": "8df32d619688734358329c420129c09b084df8f0e39b477d092654b77603fca8",
    "https://raw.githubusercontent.com/puffycid/artemis-api/master/src/windows/tasks.ts": "a0d171ab7e951480bebbec330555c6854b7deb64b23e3b8df1819712b17d7e33",
    "https://raw.githubusercontent.com/puffycid/artemis-api/master/src/windows/userassist.ts": "cb00e44af4d3c7c14b8eb8ec0c69224281d71c64a3a2e11277feec980de6e25d",
    "https://raw.githubusercontent.com/puffycid/artemis-api/master/src/windows/users.ts": "d9d28a0678890c146f7e202fc7d77f8a28522975eb9e5d72c646df7431e74401",
    "https://raw.githubusercontent.com/puffycid/artemis-api/master/src/windows/usnjrnl.ts": "ab4e3e243d677c9677a4bd49a8b137dd86b24d67a471b7897d253ff1741455b8"
  }
}
